
Microsoft Visual Studio Solution File, Format Version 12.00
# Visual Studio Version 16
VisualStudioVersion = 16.0.31205.134
MinimumVisualStudioVersion = 10.0.40219.1
Project("{FAE04EC0-301F-11D3-BF4B-00C04F79EFBC}") = "TelegramBotLab", "TelegramBotLab\TelegramBotLab.csproj", "{9F7A8211-8045-4522-9F0D-5629EEBD8B71}"
EndProject
Project("{9A19103F-16F7-4668-BE54-9A1E7A4F7556}") = "TelegramBotApi", "TelegramBotApi\TelegramBotApi.csproj", "{FE2BAA31-A9BC-4076-9EDC-3BDC087E5CF2}"
EndProject
Global
	GlobalSection(SolutionConfigurationPlatforms) = preSolution
		Debug|Any CPU = Debug|Any CPU
		Release|Any CPU = Release|Any CPU
	EndGlobalSection
	GlobalSection(ProjectConfigurationPlatforms) = postSolution
		{9F7A8211-8045-4522-9F0D-5629EEBD8B71}.Debug|Any CPU.ActiveCfg = Debug|Any CPU
		{9F7A8211-8045-4522-9F0D-5629EEBD8B71}.Debug|Any CPU.Build.0 = Debug|Any CPU
		{9F7A8211-8045-4522-9F0D-5629EEBD8B71}.Release|Any CPU.ActiveCfg = Release|Any CPU
		{9F7A8211-8045-4522-9F0D-5629EEBD8B71}.Release|Any CPU.Build.0 = Release|Any CPU
		{FE2BAA31-A9BC-4076-9EDC-3BDC087E5CF2}.Debug|Any CPU.ActiveCfg = Debug|Any CPU
		{FE2BAA31-A9BC-4076-9EDC-3BDC087E5CF2}.Debug|Any CPU.Build.0 = Debug|Any CPU
		{FE2BAA31-A9BC-4076-9EDC-3BDC087E5CF2}.Release|Any CPU.ActiveCfg = Release|Any CPU
		{FE2BAA31-A9BC-4076-9EDC-3BDC087E5CF2}.Release|Any CPU.Build.0 = Release|Any CPU
	EndGlobalSection
	GlobalSection(SolutionProperties) = preSolution
		HideSolutionNode = FALSE
	EndGlobalSection
	GlobalSection(ExtensibilityGlobals) = postSolution
		SolutionGuid = {43BA8018-D610-4846-9560-4AFACD8BF00B}
	EndGlobalSection
EndGlobal
